
Microsoft Visual Studio Solution File, Format Version 12.00
# Visual Studio Version 17
VisualStudioVersion = 17.7.34031.279
MinimumVisualStudioVersion = 10.0.40219.1
Project("{9A19103F-16F7-4668-BE54-9A1E7A4F7556}") = "Yahtzee", "Yahtzee\Yahtzee.csproj", "{DCCF296D-5843-494D-A5B2-27C286150950}"
EndProject
Project("{FAE04EC0-301F-11D3-BF4B-00C04F79EFBC}") = "Yathzee.Tests", "Yathzee.Tests\Yathzee.Tests.csproj", "{A976E176-A759-465B-AE21-24EFE8EC3BAF}"
EndProject
Global
	GlobalSection(SolutionConfigurationPlatforms) = preSolution
		Debug|Any CPU = Debug|Any CPU
		Release|Any CPU = Release|Any CPU
	EndGlobalSection
	GlobalSection(ProjectConfigurationPlatforms) = postSolution
		{DCCF296D-5843-494D-A5B2-27C286150950}.Debug|Any CPU.ActiveCfg = Debug|Any CPU
		{DCCF296D-5843-494D-A5B2-27C286150950}.Debug|Any CPU.Build.0 = Debug|Any CPU
		{DCCF296D-5843-494D-A5B2-27C286150950}.Release|Any CPU.ActiveCfg = Release|Any CPU
		{DCCF296D-5843-494D-A5B2-27C286150950}.Release|Any CPU.Build.0 = Release|Any CPU
		{A976E176-A759-465B-AE21-24EFE8EC3BAF}.Debug|Any CPU.ActiveCfg = Debug|Any CPU
		{A976E176-A759-465B-AE21-24EFE8EC3BAF}.Debug|Any CPU.Build.0 = Debug|Any CPU
		{A976E176-A759-465B-AE21-24EFE8EC3BAF}.Release|Any CPU.ActiveCfg = Release|Any CPU
		{A976E176-A759-465B-AE21-24EFE8EC3BAF}.Release|Any CPU.Build.0 = Release|Any CPU
	EndGlobalSection
	GlobalSection(SolutionProperties) = preSolution
		HideSolutionNode = FALSE
	EndGlobalSection
	GlobalSection(ExtensibilityGlobals) = postSolution
		SolutionGuid = {3188E771-C248-46B6-ABD8-A9A6DD202F58}
	EndGlobalSection
EndGlobal
