
Microsoft Visual Studio Solution File, Format Version 12.00
# Visual Studio Version 17
VisualStudioVersion = 17.7.34031.279
MinimumVisualStudioVersion = 10.0.40219.1
Project("{9A19103F-16F7-4668-BE54-9A1E7A4F7556}") = "NotesTakingApp", "NotesTakingApp\NotesTakingApp.csproj", "{712A7ABC-C8D9-4C9B-8AE4-052A9A785C06}"
EndProject
Project("{FAE04EC0-301F-11D3-BF4B-00C04F79EFBC}") = "NotesTakingApp.Tests", "NotesTakingApp.Tests\NotesTakingApp.Tests.csproj", "{4E2B0AC0-F814-428E-BBEF-8538C362FAFE}"
EndProject
Global
	GlobalSection(SolutionConfigurationPlatforms) = preSolution
		Debug|Any CPU = Debug|Any CPU
		Release|Any CPU = Release|Any CPU
	EndGlobalSection
	GlobalSection(ProjectConfigurationPlatforms) = postSolution
		{712A7ABC-C8D9-4C9B-8AE4-052A9A785C06}.Debug|Any CPU.ActiveCfg = Debug|Any CPU
		{712A7ABC-C8D9-4C9B-8AE4-052A9A785C06}.Debug|Any CPU.Build.0 = Debug|Any CPU
		{712A7ABC-C8D9-4C9B-8AE4-052A9A785C06}.Release|Any CPU.ActiveCfg = Release|Any CPU
		{712A7ABC-C8D9-4C9B-8AE4-052A9A785C06}.Release|Any CPU.Build.0 = Release|Any CPU
		{4E2B0AC0-F814-428E-BBEF-8538C362FAFE}.Debug|Any CPU.ActiveCfg = Debug|Any CPU
		{4E2B0AC0-F814-428E-BBEF-8538C362FAFE}.Debug|Any CPU.Build.0 = Debug|Any CPU
		{4E2B0AC0-F814-428E-BBEF-8538C362FAFE}.Release|Any CPU.ActiveCfg = Release|Any CPU
		{4E2B0AC0-F814-428E-BBEF-8538C362FAFE}.Release|Any CPU.Build.0 = Release|Any CPU
	EndGlobalSection
	GlobalSection(SolutionProperties) = preSolution
		HideSolutionNode = FALSE
	EndGlobalSection
	GlobalSection(ExtensibilityGlobals) = postSolution
		SolutionGuid = {A329CA12-7D1F-409C-A8E7-389A66929DC9}
	EndGlobalSection
EndGlobal
